
Microsoft Visual Studio Solution File, Format Version 12.00
# Visual Studio 2013
VisualStudioVersion = 12.0.21005.1
MinimumVisualStudioVersion = 10.0.40219.1
Project("{D2ABAB84-BF74-430A-B69E-9DC6D40DDA17}") = "TvCube", "TvCube\TvCube.dwproj", "{9B1BA808-9912-4BB7-9206-8D314B55B444}"
EndProject
Global
	GlobalSection(SolutionConfigurationPlatforms) = preSolution
		Development|Default = Development|Default
	EndGlobalSection
	GlobalSection(ProjectConfigurationPlatforms) = postSolution
		{9B1BA808-9912-4BB7-9206-8D314B55B444}.Development|Default.ActiveCfg = Development
		{9B1BA808-9912-4BB7-9206-8D314B55B444}.Development|Default.Build.0 = Development
		{9B1BA808-9912-4BB7-9206-8D314B55B444}.Development|Default.Deploy.0 = Development
	EndGlobalSection
	GlobalSection(SolutionProperties) = preSolution
		HideSolutionNode = FALSE
	EndGlobalSection
EndGlobal
